// !$*UTF8*$!
{
	archiveVersion = 1;
	classes = {
	};
	objectVersion = 46;
	objects = {

/* Begin PBXBuildFile section */
		3C06A0F01DDF503200000A47 /* AppDelegate.swift in Sources */ = {isa = PBXBuildFile; fileRef = 3C06A0EF1DDF503200000A47 /* AppDelegate.swift */; };
		3C06A0F21DDF503200000A47 /* ViewController.swift in Sources */ = {isa = PBXBuildFile; fileRef = 3C06A0F11DDF503200000A47 /* ViewController.swift */; };
		3C06A0F51DDF503200000A47 /* Main.storyboard in Resources */ = {isa = PBXBuildFile; fileRef = 3C06A0F31DDF503200000A47 /* Main.storyboard */; };
		3C06A0F81DDF503200000A47 /* WhatsForDinner.xcdatamodeld in Sources */ = {isa = PBXBuildFile; fileRef = 3C06A0F61DDF503200000A47 /* WhatsForDinner.xcdatamodeld */; };
		3C06A0FA1DDF503200000A47 /* Assets.xcassets in Resources */ = {isa = PBXBuildFile; fileRef = 3C06A0F91DDF503200000A47 /* Assets.xcassets */; };
		3C06A0FD1DDF503200000A47 /* LaunchScreen.storyboard in Resources */ = {isa = PBXBuildFile; fileRef = 3C06A0FB1DDF503200000A47 /* LaunchScreen.storyboard */; };
/* End PBXBuildFile section */

/* Begin PBXFileReference section */
		3C06A0EC1DDF503200000A47 /* WhatsForDinner.app */ = {isa = PBXFileReference; explicitFileType = wrapper.application; includeInIndex = 0; path = "WhatsForDinner.app"; sourceTree = BUILT_PRODUCTS_DIR; };
		3C06A0EF1DDF503200000A47 /* AppDelegate.swift */ = {isa = PBXFileReference; lastKnownFileType = sourcecode.swift; path = AppDelegate.swift; sourceTree = "<group>"; };
		3C06A0F11DDF503200000A47 /* ViewController.swift */ = {isa = PBXFileReference; lastKnownFileType = sourcecode.swift; path = ViewController.swift; sourceTree = "<group>"; };
		3C06A0F41DDF503200000A47 /* Base */ = {isa = PBXFileReference; lastKnownFileType = file.storyboard; name = Base; path = Base.lproj/Main.storyboard; sourceTree = "<group>"; };
		3C06A0F71DDF503200000A47 /* WhatsForDinner.xcdatamodel */ = {isa = PBXFileReference; lastKnownFileType = wrapper.xcdatamodel; path = WhatsForDinner.xcdatamodel; sourceTree = "<group>"; };
		3C06A0F91DDF503200000A47 /* Assets.xcassets */ = {isa = PBXFileReference; lastKnownFileType = folder.assetcatalog; path = Assets.xcassets; sourceTree = "<group>"; };
		3C06A0FC1DDF503200000A47 /* Base */ = {isa = PBXFileReference; lastKnownFileType = file.storyboard; name = Base; path = Base.lproj/LaunchScreen.storyboard; sourceTree = "<group>"; };
		3C06A0FE1DDF503200000A47 /* Info.plist */ = {isa = PBXFileReference; lastKnownFileType = text.plist.xml; path = Info.plist; sourceTree = "<group>"; };
/* End PBXFileReference section */

/* Begin PBXFrameworksBuildPhase section */
		3C06A0E91DDF503200000A47 /* Frameworks */ = {
			isa = PBXFrameworksBuildPhase;
			buildActionMask = 2147483647;
			files = (
			);
			runOnlyForDeploymentPostprocessing = 0;
		};
/* End PBXFrameworksBuildPhase section */

/* Begin PBXGroup section */
		3C06A0E31DDF503200000A47 = {
			isa = PBXGroup;
			children = (
				3C06A0EE1DDF503200000A47 /* WhatsForDinner */,
				3C06A0ED1DDF503200000A47 /* Products */,
			);
			sourceTree = "<group>";
		};
		3C06A0ED1DDF503200000A47 /* Products */ = {
			isa = PBXGroup;
			children = (
				3C06A0EC1DDF503200000A47 /* WhatsForDinner.app */,
			);
			name = Products;
			sourceTree = "<group>";
		};
		3C06A0EE1DDF503200000A47 /* WhatsForDinner */ = {
			isa = PBXGroup;
			children = (
				3C06A0EF1DDF503200000A47 /* AppDelegate.swift */,
				3C06A0F11DDF503200000A47 /* ViewController.swift */,
				3C06A0F31DDF503200000A47 /* Main.storyboard */,
				3C06A0F91DDF503200000A47 /* Assets.xcassets */,
				3C06A0FB1DDF503200000A47 /* LaunchScreen.storyboard */,
				3C06A0FE1DDF503200000A47 /* Info.plist */,
				3C06A0F61DDF503200000A47 /* WhatsForDinner.xcdatamodeld */,
			);
			path = "WhatsForDinner";
			sourceTree = "<group>";
		};
/* End PBXGroup section */

/* Begin PBXNativeTarget section */
		3C06A0EB1DDF503200000A47 /* WhatsForDinner */ = {
			isa = PBXNativeTarget;
			buildConfigurationList = 3C06A1011DDF503200000A47 /* Build configuration list for PBXNativeTarget "WhatsForDinner" */;
			buildPhases = (
				3C06A0E81DDF503200000A47 /* Sources */,
				3C06A0E91DDF503200000A47 /* Frameworks */,
				3C06A0EA1DDF503200000A47 /* Resources */,
			);
			buildRules = (
			);
			dependencies = (
			);
			name = "WhatsForDinner";
			productName = "WhatsForDinner";
			productReference = 3C06A0EC1DDF503200000A47 /* WhatsForDinner.app */;
			productType = "com.apple.product-type.application";
		};
/* End PBXNativeTarget section */

/* Begin PBXProject section */
		3C06A0E41DDF503200000A47 /* Project object */ = {
			isa = PBXProject;
			attributes = {
				LastSwiftUpdateCheck = 0800;
				LastUpgradeCheck = 0800;
				ORGANIZATIONNAME = "Vikram Deshmukh";
				TargetAttributes = {
					3C06A0EB1DDF503200000A47 = {
						CreatedOnToolsVersion = 8.0;
						ProvisioningStyle = Automatic;
					};
				};
			};
			buildConfigurationList = 3C06A0E71DDF503200000A47 /* Build configuration list for PBXProject "WhatsForDinner" */;
			compatibilityVersion = "Xcode 3.2";
			developmentRegion = English;
			hasScannedForEncodings = 0;
			knownRegions = (
				en,
				Base,
			);
			mainGroup = 3C06A0E31DDF503200000A47;
			productRefGroup = 3C06A0ED1DDF503200000A47 /* Products */;
			projectDirPath = "";
			projectRoot = "";
			targets = (
				3C06A0EB1DDF503200000A47 /* WhatsForDinner */,
			);
		};
/* End PBXProject section */

/* Begin PBXResourcesBuildPhase section */
		3C06A0EA1DDF503200000A47 /* Resources */ = {
			isa = PBXResourcesBuildPhase;
			buildActionMask = 2147483647;
			files = (
				3C06A0FD1DDF503200000A47 /* LaunchScreen.storyboard in Resources */,
				3C06A0FA1DDF503200000A47 /* Assets.xcassets in Resources */,
				3C06A0F51DDF503200000A47 /* Main.storyboard in Resources */,
			);
			runOnlyForDeploymentPostprocessing = 0;
		};
/* End PBXResourcesBuildPhase section */

/* Begin PBXSourcesBuildPhase section */
		3C06A0E81DDF503200000A47 /* Sources */ = {
			isa = PBXSourcesBuildPhase;
			buildActionMask = 2147483647;
			files = (
				3C06A0F21DDF503200000A47 /* ViewController.swift in Sources */,
				3C06A0F01DDF503200000A47 /* AppDelegate.swift in Sources */,
				3C06A0F81DDF503200000A47 /* WhatsForDinner.xcdatamodeld in Sources */,
			);
			runOnlyForDeploymentPostprocessing = 0;
		};
/* End PBXSourcesBuildPhase section */

/* Begin PBXVariantGroup section */
		3C06A0F31DDF503200000A47 /* Main.storyboard */ = {
			isa = PBXVariantGroup;
			children = (
				3C06A0F41DDF503200000A47 /* Base */,
			);
			name = Main.storyboard;
			sourceTree = "<group>";
		};
		3C06A0FB1DDF503200000A47 /* LaunchScreen.storyboard */ = {
			isa = PBXVariantGroup;
			children = (
				3C06A0FC1DDF503200000A47 /* Base */,
			);
			name = LaunchScreen.storyboard;
			sourceTree = "<group>";
		};
/* End PBXVariantGroup section */

/* Begin XCBuildConfiguration section */
		3C06A0FF1DDF503200000A47 /* Debug */ = {
			isa = XCBuildConfiguration;
			buildSettings = {
				ALWAYS_SEARCH_USER_PATHS = NO;
				CLANG_ANALYZER_NONNULL = YES;
				CLANG_CXX_LANGUAGE_STANDARD = "gnu++0x";
				CLANG_CXX_LIBRARY = "libc++";
				CLANG_ENABLE_MODULES = YES;
				CLANG_ENABLE_OBJC_ARC = YES;
				CLANG_WARN_BOOL_CONVERSION = YES;
				CLANG_WARN_CONSTANT_CONVERSION = YES;
				CLANG_WARN_DIRECT_OBJC_ISA_USAGE = YES_ERROR;
				CLANG_WARN_DOCUMENTATION_COMMENTS = YES;
				CLANG_WARN_EMPTY_BODY = YES;
				CLANG_WARN_ENUM_CONVERSION = YES;
				CLANG_WARN_INFINITE_RECURSION = YES;
				CLANG_WARN_INT_CONVERSION = YES;
				CLANG_WARN_OBJC_ROOT_CLASS = YES_ERROR;
				CLANG_WARN_SUSPICIOUS_MOVES = YES;
				CLANG_WARN_UNREACHABLE_CODE = YES;
				CLANG_WARN__DUPLICATE_METHOD_MATCH = YES;
				"CODE_SIGN_IDENTITY[sdk=iphoneos*]" = "iPhone Developer";
				COPY_PHASE_STRIP = NO;
				DEBUG_INFORMATION_FORMAT = dwarf;
				ENABLE_STRICT_OBJC_MSGSEND = YES;
				ENABLE_TESTABILITY = YES;
				GCC_C_LANGUAGE_STANDARD = gnu99;
				GCC_DYNAMIC_NO_PIC = NO;
				GCC_NO_COMMON_BLOCKS = YES;
				GCC_OPTIMIZATION_LEVEL = 0;
				GCC_PREPROCESSOR_DEFINITIONS = (
					"DEBUG=1",
					"$(inherited)",
				);
				GCC_WARN_64_TO_32_BIT_CONVERSION = YES;
				GCC_WARN_ABOUT_RETURN_TYPE = YES_ERROR;
				GCC_WARN_UNDECLARED_SELECTOR = YES;
				GCC_WARN_UNINITIALIZED_AUTOS = YES_AGGRESSIVE;
				GCC_WARN_UNUSED_FUNCTION = YES;
				GCC_WARN_UNUSED_VARIABLE = YES;
				IPHONEOS_DEPLOYMENT_TARGET = 10.0;
				MTL_ENABLE_DEBUG_INFO = YES;
				ONLY_ACTIVE_ARCH = YES;
				SDKROOT = iphoneos;
				SWIFT_ACTIVE_COMPILATION_CONDITIONS = DEBUG;
				SWIFT_OPTIMIZATION_LEVEL = "-Onone";
			};
			name = Debug;
		};
		3C06A1001DDF503200000A47 /* Release */ = {
			isa = XCBuildConfiguration;
			buildSettings = {
				ALWAYS_SEARCH_USER_PATHS = NO;
				CLANG_ANALYZER_NONNULL = YES;
				CLANG_CXX_LANGUAGE_STANDARD = "gnu++0x";
				CLANG_CXX_LIBRARY = "libc++";
				CLANG_ENABLE_MODULES = YES;
				CLANG_ENABLE_OBJC_ARC = YES;
				CLANG_WARN_BOOL_CONVERSION = YES;
				CLANG_WARN_CONSTANT_CONVERSION = YES;
				CLANG_WARN_DIRECT_OBJC_ISA_USAGE = YES_ERROR;
				CLANG_WARN_DOCUMENTATION_COMMENTS = YES;
				CLANG_WARN_EMPTY_BODY = YES;
				CLANG_WARN_ENUM_CONVERSION = YES;
				CLANG_WARN_INFINITE_RECURSION = YES;
				CLANG_WARN_INT_CONVERSION = YES;
				CLANG_WARN_OBJC_ROOT_CLASS = YES_ERROR;
				CLANG_WARN_SUSPICIOUS_MOVES = YES;
				CLANG_WARN_UNREACHABLE_CODE = YES;
				CLANG_WARN__DUPLICATE_METHOD_MATCH = YES;
				"CODE_SIGN_IDENTITY[sdk=iphoneos*]" = "iPhone Developer";
				COPY_PHASE_STRIP = NO;
				DEBUG_INFORMATION_FORMAT = "dwarf-with-dsym";
				ENABLE_NS_ASSERTIONS = NO;
				ENABLE_STRICT_OBJC_MSGSEND = YES;
				GCC_C_LANGUAGE_STANDARD = gnu99;
				GCC_NO_COMMON_BLOCKS = YES;
				GCC_WARN_64_TO_32_BIT_CONVERSION = YES;
				GCC_WARN_ABOUT_RETURN_TYPE = YES_ERROR;
				GCC_WARN_UNDECLARED_SELECTOR = YES;
				GCC_WARN_UNINITIALIZED_AUTOS = YES_AGGRESSIVE;
				GCC_WARN_UNUSED_FUNCTION = YES;
				GCC_WARN_UNUSED_VARIABLE = YES;
				IPHONEOS_DEPLOYMENT_TARGET = 10.0;
				MTL_ENABLE_DEBUG_INFO = NO;
				SDKROOT = iphoneos;
				SWIFT_OPTIMIZATION_LEVEL = "-Owholemodule";
				VALIDATE_PRODUCT = YES;
			};
			name = Release;
		};
		3C06A1021DDF503200000A47 /* Debug */ = {
			isa = XCBuildConfiguration;
			buildSettings = {
				ASSETCATALOG_COMPILER_APPICON_NAME = AppIcon;
				INFOPLIST_FILE = "WhatsForDinner/Info.plist";
				LD_RUNPATH_SEARCH_PATHS = "$(inherited) @executable_path/Frameworks";
				PRODUCT_BUNDLE_IDENTIFIER = "com.srvikram13.whatsfordinner.WhatsForDinner";
				PRODUCT_NAME = "$(TARGET_NAME)";
				SWIFT_VERSION = 3.0;
			};
			name = Debug;
		};
		3C06A1031DDF503200000A47 /* Release */ = {
			isa = XCBuildConfiguration;
			buildSettings = {
				ASSETCATALOG_COMPILER_APPICON_NAME = AppIcon;
				INFOPLIST_FILE = "WhatsForDinner/Info.plist";
				LD_RUNPATH_SEARCH_PATHS = "$(inherited) @executable_path/Frameworks";
				PRODUCT_BUNDLE_IDENTIFIER = "com.srvikram13.whatsfordinner.WhatsForDinner";
				PRODUCT_NAME = "$(TARGET_NAME)";
				SWIFT_VERSION = 3.0;
			};
			name = Release;
		};
/* End XCBuildConfiguration section */

/* Begin XCConfigurationList section */
		3C06A0E71DDF503200000A47 /* Build configuration list for PBXProject "WhatsForDinner" */ = {
			isa = XCConfigurationList;
			buildConfigurations = (
				3C06A0FF1DDF503200000A47 /* Debug */,
				3C06A1001DDF503200000A47 /* Release */,
			);
			defaultConfigurationIsVisible = 0;
			defaultConfigurationName = Release;
		};
		3C06A1011DDF503200000A47 /* Build configuration list for PBXNativeTarget "WhatsForDinner" */ = {
			isa = XCConfigurationList;
			buildConfigurations = (
				3C06A1021DDF503200000A47 /* Debug */,
				3C06A1031DDF503200000A47 /* Release */,
			);
			defaultConfigurationIsVisible = 0;
		};
/* End XCConfigurationList section */

/* Begin XCVersionGroup section */
		3C06A0F61DDF503200000A47 /* WhatsForDinner.xcdatamodeld */ = {
			isa = XCVersionGroup;
			children = (
				3C06A0F71DDF503200000A47 /* WhatsForDinner.xcdatamodel */,
			);
			currentVersion = 3C06A0F71DDF503200000A47 /* WhatsForDinner.xcdatamodel */;
			path = WhatsForDinner.xcdatamodeld;
			sourceTree = "<group>";
			versionGroupType = wrapper.xcdatamodel;
		};
/* End XCVersionGroup section */
	};
	rootObject = 3C06A0E41DDF503200000A47 /* Project object */;
}
